
Microsoft Visual Studio Solution File, Format Version 12.00
# Visual Studio 15
VisualStudioVersion = 15.0.28307.271
MinimumVisualStudioVersion = 10.0.40219.1
Project("{FAE04EC0-301F-11D3-BF4B-00C04F79EFBC}") = "JuggernautGamemode", "JuggernautGamemode\JuggernautGamemode.csproj", "{E60E88F4-6174-4E4C-8E11-B7BB66DED22D}"
EndProject
Project("{2150E333-8FDC-42A3-9474-1A3956D46DE8}") = "Solution Items", "Solution Items", "{0F489A9C-9265-4800-9430-EDD303AE28CA}"
	ProjectSection(SolutionItems) = preProject
		GamemodeTemplate.cs = GamemodeTemplate.cs
	EndProjectSection
EndProject
Global
	GlobalSection(SolutionConfigurationPlatforms) = preSolution
		Debug|Any CPU = Debug|Any CPU
		Release|Any CPU = Release|Any CPU
	EndGlobalSection
	GlobalSection(ProjectConfigurationPlatforms) = postSolution
		{E60E88F4-6174-4E4C-8E11-B7BB66DED22D}.Debug|Any CPU.ActiveCfg = Debug|Any CPU
		{E60E88F4-6174-4E4C-8E11-B7BB66DED22D}.Debug|Any CPU.Build.0 = Debug|Any CPU
		{E60E88F4-6174-4E4C-8E11-B7BB66DED22D}.Release|Any CPU.ActiveCfg = Release|Any CPU
		{E60E88F4-6174-4E4C-8E11-B7BB66DED22D}.Release|Any CPU.Build.0 = Release|Any CPU
	EndGlobalSection
	GlobalSection(SolutionProperties) = preSolution
		HideSolutionNode = FALSE
	EndGlobalSection
	GlobalSection(ExtensibilityGlobals) = postSolution
		SolutionGuid = {AA76254A-BADA-4DF5-84CC-3DE161119C9C}
	EndGlobalSection
EndGlobal
